
Microsoft Visual Studio Solution File, Format Version 12.00
# Visual Studio Version 17
VisualStudioVersion = 17.11.35327.3
MinimumVisualStudioVersion = 10.0.40219.1
Project("{FAE04EC0-301F-11D3-BF4B-00C04F79EFBC}") = "MyTyping", "MyTyping\MyTyping.csproj", "{3AAF92F2-6A01-4D0A-A679-67B606C9630B}"
EndProject
Global
	GlobalSection(SolutionConfigurationPlatforms) = preSolution
		Debug|Any CPU = Debug|Any CPU
		Release|Any CPU = Release|Any CPU
	EndGlobalSection
	GlobalSection(ProjectConfigurationPlatforms) = postSolution
		{3AAF92F2-6A01-4D0A-A679-67B606C9630B}.Debug|Any CPU.ActiveCfg = Debug|Any CPU
		{3AAF92F2-6A01-4D0A-A679-67B606C9630B}.Debug|Any CPU.Build.0 = Debug|Any CPU
		{3AAF92F2-6A01-4D0A-A679-67B606C9630B}.Release|Any CPU.ActiveCfg = Release|Any CPU
		{3AAF92F2-6A01-4D0A-A679-67B606C9630B}.Release|Any CPU.Build.0 = Release|Any CPU
	EndGlobalSection
	GlobalSection(SolutionProperties) = preSolution
		HideSolutionNode = FALSE
	EndGlobalSection
	GlobalSection(ExtensibilityGlobals) = postSolution
		SolutionGuid = {FBDEB7AB-7B6E-440A-9DF8-09C107797CAE}
	EndGlobalSection
EndGlobal
